
Microsoft Visual Studio Solution File, Format Version 12.00
# Visual Studio Version 16
VisualStudioVersion = 16.0.30517.126
MinimumVisualStudioVersion = 10.0.40219.1
Project("{FAE04EC0-301F-11D3-BF4B-00C04F79EFBC}") = "AñoBisiesto", "AñoBisiesto\AñoBisiesto.csproj", "{0A403609-75AE-4785-B360-80260174FB3B}"
EndProject
Global
	GlobalSection(SolutionConfigurationPlatforms) = preSolution
		Debug|Any CPU = Debug|Any CPU
		Release|Any CPU = Release|Any CPU
	EndGlobalSection
	GlobalSection(ProjectConfigurationPlatforms) = postSolution
		{0A403609-75AE-4785-B360-80260174FB3B}.Debug|Any CPU.ActiveCfg = Debug|Any CPU
		{0A403609-75AE-4785-B360-80260174FB3B}.Debug|Any CPU.Build.0 = Debug|Any CPU
		{0A403609-75AE-4785-B360-80260174FB3B}.Release|Any CPU.ActiveCfg = Release|Any CPU
		{0A403609-75AE-4785-B360-80260174FB3B}.Release|Any CPU.Build.0 = Release|Any CPU
	EndGlobalSection
	GlobalSection(SolutionProperties) = preSolution
		HideSolutionNode = FALSE
	EndGlobalSection
	GlobalSection(ExtensibilityGlobals) = postSolution
		SolutionGuid = {39EDAFA0-9920-42F0-B7F1-7B7E3122986A}
	EndGlobalSection
EndGlobal
